{
    "_readme": [
        "This file locks the dependencies of your project to a known state",
        "Read more about it at https://getcomposer.org/doc/01-basic-usage.md#installing-dependencies",
        "This file is @generated automatically"
    ],
    "content-hash": "a24efeb89a9e01a38ec408d66202527c",
    "packages": [
        {
            "name": "symfony/flex",
            "version": "v1.5.2",
            "source": {
                "type": "git",
                "url": "https://github.com/symfony/flex.git",
                "reference": "45ec0287c13fb8383d61bc8486ee5da5c43556fe"
            },
            "dist": {
                "type": "zip",
                "url": "https://api.github.com/repos/symfony/flex/zipball/45ec0287c13fb8383d61bc8486ee5da5c43556fe",
                "reference": "45ec0287c13fb8383d61bc8486ee5da5c43556fe",
                "shasum": ""
            },
            "require": {
                "composer-plugin-api": "^1.0",
                "php": "^7.0"
            },
            "require-dev": {
                "composer/composer": "^1.0.2",
                "symfony/dotenv": "^3.4|^4.0|^5.0",
                "symfony/phpunit-bridge": "^3.4.19|^4.1.8|^5.0",
                "symfony/process": "^2.7|^3.0|^4.0|^5.0"
            },
            "type": "composer-plugin",
            "extra": {
                "branch-alias": {
                    "dev-master": "1.5-dev"
                },
                "class": "Symfony\\Flex\\Flex"
            },
            "autoload": {
                "psr-4": {
                    "Symfony\\Flex\\": "src"
                }
            },
            "notification-url": "https://packagist.org/downloads/",
            "license": [
                "MIT"
            ],
            "authors": [
                {
                    "name": "Fabien Potencier",
                    "email": "fabien.potencier@gmail.com"
                }
            ],
            "description": "Composer plugin for Symfony",
            "time": "2019-12-01T09:24:34+00:00"
        }
    ],
    "packages-dev": [],
    "aliases": [],
    "minimum-stability": "stable",
    "stability-flags": [],
    "prefer-stable": false,
    "prefer-lowest": false,
    "platform": {
        "php": "^7.2.5",
        "ext-ctype": "*",
        "ext-iconv": "*"
    },
    "platform-dev": []
}
